<?xml version="1.0" encoding="utf-8"?>
<Project ToolsVersion="4.0" xmlns="http://schemas.microsoft.com/developer/msbuild/2003">
  <ItemGroup>
    <Filter Include="리소스 파일">
      <UniqueIdentifier>{67DA6AB6-F800-4c08-8B7A-83BB121AAD01}</UniqueIdentifier>
      <Extensions>rc;ico;cur;bmp;dlg;rc2;rct;bin;rgs;gif;jpg;jpeg;jpe;resx;tiff;tif;png;wav;mfcribbon-ms</Extensions>
    </Filter>
    <Filter Include="Util">
      <UniqueIdentifier>{c80b219f-25a6-4438-af0f-786b408e5b88}</UniqueIdentifier>
    </Filter>
    <Filter Include="Object">
      <UniqueIdentifier>{c3d02704-f342-4257-95ed-2dc2cd37260b}</UniqueIdentifier>
    </Filter>
    <Filter Include="setting">
      <UniqueIdentifier>{1971712b-c51b-4bb7-b817-9631feba5898}</UniqueIdentifier>
    </Filter>
    <Filter Include="Core">
      <UniqueIdentifier>{53c5646b-f08a-4689-80c1-5fe3987c76d0}</UniqueIdentifier>
    </Filter>
    <Filter Include="Common">
      <UniqueIdentifier>{a0cbfd8d-cfb1-4597-9ba8-45567eafc634}</UniqueIdentifier>
    </Filter>
  </ItemGroup>
  <ItemGroup>
    <ClInclude Include="targetver.h">
      <Filter>setting</Filter>
    </ClInclude>
    <ClInclude Include="pch.h">
      <Filter>setting</Filter>
    </ClInclude>
    <ClInclude Include="Class\debugUtil.h">
      <Filter>Util</Filter>
    </ClInclude>
    <ClInclude Include="Class\Player.h">
      <Filter>Object</Filter>
    </ClInclude>
    <ClInclude Include="Timer.h">
      <Filter>Util</Filter>
    </ClInclude>
    <ClInclude Include="GameManager.h">
      <Filter>Core</Filter>
    </ClInclude>
    <ClInclude Include="Class\NGP_Client_Agario.h">
      <Filter>Core</Filter>
    </ClInclude>
    <ClInclude Include="Class\ColorKeyCode.h">
      <Filter>Common</Filter>
    </ClInclude>
    <ClInclude Include="Class\constant.h">
      <Filter>Common</Filter>
    </ClInclude>
    <ClInclude Include="Resource.h">
      <Filter>리소스 파일</Filter>
    </ClInclude>
  </ItemGroup>
  <ItemGroup>
    <ResourceCompile Include="NGP_Client_Agario.rc">
      <Filter>리소스 파일</Filter>
    </ResourceCompile>
  </ItemGroup>
  <ItemGroup>
    <Image Include="NGP_icon.ico">
      <Filter>리소스 파일</Filter>
    </Image>
    <Image Include="backGround.bmp">
      <Filter>리소스 파일</Filter>
    </Image>
  </ItemGroup>
  <ItemGroup>
    <ClCompile Include="pch.cpp">
      <Filter>setting</Filter>
    </ClCompile>
    <ClCompile Include="Class\debugUtil.cpp">
      <Filter>Util</Filter>
    </ClCompile>
    <ClCompile Include="Player.cpp">
      <Filter>Object</Filter>
    </ClCompile>
    <ClCompile Include="Timer.cpp">
      <Filter>Util</Filter>
    </ClCompile>
    <ClCompile Include="GameManager.cpp">
      <Filter>Core</Filter>
    </ClCompile>
    <ClCompile Include="Class\NGP_Client_Agario.cpp">
      <Filter>Core</Filter>
    </ClCompile>
  </ItemGroup>
</Project>