<?xml version="1.0" encoding="utf-8"?>
<Project ToolsVersion="4.0" xmlns="http://schemas.microsoft.com/developer/msbuild/2003">
  <ItemGroup>
    <Filter Include="리소스 파일">
      <UniqueIdentifier>{67DA6AB6-F800-4c08-8B7A-83BB121AAD01}</UniqueIdentifier>
      <Extensions>rc;ico;cur;bmp;dlg;rc2;rct;bin;rgs;gif;jpg;jpeg;jpe;resx;tiff;tif;png;wav;mfcribbon-ms</Extensions>
    </Filter>
    <Filter Include="Scene">
      <UniqueIdentifier>{d1535551-e935-420e-9bdc-d38f6401d2f9}</UniqueIdentifier>
    </Filter>
    <Filter Include="PreCompile">
      <UniqueIdentifier>{d5baffc9-077c-45ac-8f31-e505c4f1332b}</UniqueIdentifier>
    </Filter>
    <Filter Include="Engine">
      <UniqueIdentifier>{9291e032-dd4f-4991-aadc-5189cd1811d9}</UniqueIdentifier>
    </Filter>
    <Filter Include="Object">
      <UniqueIdentifier>{7c10ad89-56c3-4a6b-847d-7206b1420eb4}</UniqueIdentifier>
    </Filter>
    <Filter Include="Main">
      <UniqueIdentifier>{bb98930e-bca4-471a-8c18-dd0ff97fcb0a}</UniqueIdentifier>
    </Filter>
    <Filter Include="Network">
      <UniqueIdentifier>{51eb6e97-e52b-4ddf-88a3-1557daadc4a4}</UniqueIdentifier>
    </Filter>
    <Filter Include="Common">
      <UniqueIdentifier>{75d1d290-80ba-425a-b9dc-e7c62274b16a}</UniqueIdentifier>
    </Filter>
  </ItemGroup>
  <ItemGroup>
    <ClCompile Include="AircraftGameScene.cpp">
      <Filter>Scene</Filter>
    </ClCompile>
    <ClCompile Include="Scene.cpp">
      <Filter>Scene</Filter>
    </ClCompile>
    <ClCompile Include="SceneManager.cpp">
      <Filter>Scene</Filter>
    </ClCompile>
    <ClCompile Include="MenuScene.cpp">
      <Filter>Scene</Filter>
    </ClCompile>
    <ClCompile Include="Level1Scene.cpp">
      <Filter>Scene</Filter>
    </ClCompile>
    <ClCompile Include="stdafx.cpp">
      <Filter>PreCompile</Filter>
    </ClCompile>
    <ClCompile Include="Timer.cpp">
      <Filter>Engine</Filter>
    </ClCompile>
    <ClCompile Include="GraphicsPipeline.cpp">
      <Filter>Engine</Filter>
    </ClCompile>
    <ClCompile Include="GameFramework.cpp">
      <Filter>Engine</Filter>
    </ClCompile>
    <ClCompile Include="Camera.cpp">
      <Filter>Engine</Filter>
    </ClCompile>
    <ClCompile Include="Mesh.cpp">
      <Filter>Object</Filter>
    </ClCompile>
    <ClCompile Include="Player.cpp">
      <Filter>Object</Filter>
    </ClCompile>
    <ClCompile Include="GameObject.cpp">
      <Filter>Object</Filter>
    </ClCompile>
    <ClCompile Include="3DGP.cpp">
      <Filter>Main</Filter>
    </ClCompile>
    <ClCompile Include="Menu2Scene.cpp">
      <Filter>Scene</Filter>
    </ClCompile>
    <ClCompile Include="Level2Scene.cpp">
      <Filter>Scene</Filter>
    </ClCompile>
    <ClCompile Include="ResultScene.cpp">
      <Filter>Scene</Filter>
    </ClCompile>
    <ClCompile Include="Globals.cpp">
      <Filter>Network</Filter>
    </ClCompile>
    <ClCompile Include="NetworkThread.cpp">
      <Filter>Network</Filter>
    </ClCompile>
    <ClCompile Include="..\..\Server\Server\Common.cpp">
      <Filter>Common</Filter>
    </ClCompile>
  </ItemGroup>
  <ItemGroup>
    <ClInclude Include="AircraftGameScene.h">
      <Filter>Scene</Filter>
    </ClInclude>
    <ClInclude Include="Scene.h">
      <Filter>Scene</Filter>
    </ClInclude>
    <ClInclude Include="SceneManager.h">
      <Filter>Scene</Filter>
    </ClInclude>
    <ClInclude Include="MenuScene.h">
      <Filter>Scene</Filter>
    </ClInclude>
    <ClInclude Include="Level1Scene.h">
      <Filter>Scene</Filter>
    </ClInclude>
    <ClInclude Include="targetver.h">
      <Filter>PreCompile</Filter>
    </ClInclude>
    <ClInclude Include="stdafx.h">
      <Filter>PreCompile</Filter>
    </ClInclude>
    <ClInclude Include="Timer.h">
      <Filter>Engine</Filter>
    </ClInclude>
    <ClInclude Include="GraphicsPipeline.h">
      <Filter>Engine</Filter>
    </ClInclude>
    <ClInclude Include="Camera.h">
      <Filter>Engine</Filter>
    </ClInclude>
    <ClInclude Include="GameContext.h">
      <Filter>Engine</Filter>
    </ClInclude>
    <ClInclude Include="GameFramework.h">
      <Filter>Engine</Filter>
    </ClInclude>
    <ClInclude Include="Player.h">
      <Filter>Object</Filter>
    </ClInclude>
    <ClInclude Include="Mesh.h">
      <Filter>Object</Filter>
    </ClInclude>
    <ClInclude Include="GameObject.h">
      <Filter>Object</Filter>
    </ClInclude>
    <ClInclude Include="3DGP.h">
      <Filter>Main</Filter>
    </ClInclude>
    <ClInclude Include="Resource.h">
      <Filter>리소스 파일</Filter>
    </ClInclude>
    <ClInclude Include="resource1.h" />
    <ClInclude Include="Menu2Scene.h">
      <Filter>Scene</Filter>
    </ClInclude>
    <ClInclude Include="Level2Scene.h">
      <Filter>Scene</Filter>
    </ClInclude>
    <ClInclude Include="ResultScene.h">
      <Filter>Scene</Filter>
    </ClInclude>
    <ClInclude Include="Globals.h">
      <Filter>Network</Filter>
    </ClInclude>
    <ClInclude Include="NetworkThread.h">
      <Filter>Network</Filter>
    </ClInclude>
    <ClInclude Include="..\..\Server\Server\Common.h">
      <Filter>Common</Filter>
    </ClInclude>
    <ClInclude Include="..\..\Server\Server\Packet.h">
      <Filter>Common</Filter>
    </ClInclude>
  </ItemGroup>
  <ItemGroup>
    <Image Include="3DGP.ico">
      <Filter>리소스 파일</Filter>
    </Image>
    <Image Include="small.ico">
      <Filter>리소스 파일</Filter>
    </Image>
  </ItemGroup>
  <ItemGroup>
    <ResourceCompile Include="3DGP.rc">
      <Filter>리소스 파일</Filter>
    </ResourceCompile>
  </ItemGroup>
</Project>